PODS:
  - IQKeyboardManagerSwift (6.5.9)

DEPENDENCIES:
  - IQKeyboardManagerSwift (= 6.5.9)

SPEC REPOS:
  trunk:
    - IQKeyboardManagerSwift

SPEC CHECKSUMS:
  IQKeyboardManagerSwift: 6e839c575c4aa1078d58a596e41244e77abe918f

PODFILE CHECKSUM: bf6be45952a3e82d923bbfd954c595b8ec8088f1

COCOAPODS: 1.11.2
